
Microsoft Visual Studio Solution File, Format Version 12.00
# Visual Studio Version 17
VisualStudioVersion = 17.8.34525.116
MinimumVisualStudioVersion = 10.0.40219.1
Project("{FAE04EC0-301F-11D3-BF4B-00C04F79EFBC}") = "Getting Company Info", "Getting Company Info\Getting Company Info.csproj", "{2FC3A5B1-9EA4-4AE2-90A2-6ED7C8A32795}"
EndProject
Global
	GlobalSection(SolutionConfigurationPlatforms) = preSolution
		Debug|Any CPU = Debug|Any CPU
		Release|Any CPU = Release|Any CPU
	EndGlobalSection
	GlobalSection(ProjectConfigurationPlatforms) = postSolution
		{2FC3A5B1-9EA4-4AE2-90A2-6ED7C8A32795}.Debug|Any CPU.ActiveCfg = Debug|Any CPU
		{2FC3A5B1-9EA4-4AE2-90A2-6ED7C8A32795}.Debug|Any CPU.Build.0 = Debug|Any CPU
		{2FC3A5B1-9EA4-4AE2-90A2-6ED7C8A32795}.Release|Any CPU.ActiveCfg = Release|Any CPU
		{2FC3A5B1-9EA4-4AE2-90A2-6ED7C8A32795}.Release|Any CPU.Build.0 = Release|Any CPU
	EndGlobalSection
	GlobalSection(SolutionProperties) = preSolution
		HideSolutionNode = FALSE
	EndGlobalSection
	GlobalSection(ExtensibilityGlobals) = postSolution
		SolutionGuid = {F17E9F8C-67DB-4527-BEB3-D73A2F27AF93}
	EndGlobalSection
EndGlobal
